
Microsoft Visual Studio Solution File, Format Version 12.00
# Visual Studio 15
VisualStudioVersion = 15.0.28010.2046
MinimumVisualStudioVersion = 10.0.40219.1
Project("{FAE04EC0-301F-11D3-BF4B-00C04F79EFBC}") = "PosSystem", "PosSystem\PosSystem.csproj", "{2E5F8B91-4BBC-4CA1-9E2F-95AB0C79A667}"
EndProject
Project("{FAE04EC0-301F-11D3-BF4B-00C04F79EFBC}") = "DataGridViewNumericUpDownElements", "PosSystem\DataGridViewNumericUpDownElements\DataGridViewNumericUpDownElements.csproj", "{82B50731-BE90-433F-BB6E-9B509C5F3B7C}"
EndProject
Project("{FAE04EC0-301F-11D3-BF4B-00C04F79EFBC}") = "PosSystemTests", "PosSystemTests\PosSystemTests.csproj", "{6697BD44-26F4-4DE4-A72D-FB291FCCE6E1}"
EndProject
Project("{FAE04EC0-301F-11D3-BF4B-00C04F79EFBC}") = "PosSystemCodedUITests", "CodedUITestProject\PosSystemCodedUITests.csproj", "{9F9D173C-F149-4918-8652-61DCFD54FC0C}"
EndProject
Global
	GlobalSection(SolutionConfigurationPlatforms) = preSolution
		Debug|Any CPU = Debug|Any CPU
		Release|Any CPU = Release|Any CPU
	EndGlobalSection
	GlobalSection(ProjectConfigurationPlatforms) = postSolution
		{2E5F8B91-4BBC-4CA1-9E2F-95AB0C79A667}.Debug|Any CPU.ActiveCfg = Debug|Any CPU
		{2E5F8B91-4BBC-4CA1-9E2F-95AB0C79A667}.Debug|Any CPU.Build.0 = Debug|Any CPU
		{2E5F8B91-4BBC-4CA1-9E2F-95AB0C79A667}.Release|Any CPU.ActiveCfg = Release|Any CPU
		{2E5F8B91-4BBC-4CA1-9E2F-95AB0C79A667}.Release|Any CPU.Build.0 = Release|Any CPU
		{82B50731-BE90-433F-BB6E-9B509C5F3B7C}.Debug|Any CPU.ActiveCfg = Debug|Any CPU
		{82B50731-BE90-433F-BB6E-9B509C5F3B7C}.Debug|Any CPU.Build.0 = Debug|Any CPU
		{82B50731-BE90-433F-BB6E-9B509C5F3B7C}.Release|Any CPU.ActiveCfg = Release|Any CPU
		{82B50731-BE90-433F-BB6E-9B509C5F3B7C}.Release|Any CPU.Build.0 = Release|Any CPU
		{6697BD44-26F4-4DE4-A72D-FB291FCCE6E1}.Debug|Any CPU.ActiveCfg = Debug|Any CPU
		{6697BD44-26F4-4DE4-A72D-FB291FCCE6E1}.Debug|Any CPU.Build.0 = Debug|Any CPU
		{6697BD44-26F4-4DE4-A72D-FB291FCCE6E1}.Release|Any CPU.ActiveCfg = Release|Any CPU
		{6697BD44-26F4-4DE4-A72D-FB291FCCE6E1}.Release|Any CPU.Build.0 = Release|Any CPU
		{9F9D173C-F149-4918-8652-61DCFD54FC0C}.Debug|Any CPU.ActiveCfg = Debug|Any CPU
		{9F9D173C-F149-4918-8652-61DCFD54FC0C}.Debug|Any CPU.Build.0 = Debug|Any CPU
		{9F9D173C-F149-4918-8652-61DCFD54FC0C}.Release|Any CPU.ActiveCfg = Release|Any CPU
		{9F9D173C-F149-4918-8652-61DCFD54FC0C}.Release|Any CPU.Build.0 = Release|Any CPU
	EndGlobalSection
	GlobalSection(SolutionProperties) = preSolution
		HideSolutionNode = FALSE
	EndGlobalSection
	GlobalSection(ExtensibilityGlobals) = postSolution
		SolutionGuid = {EC8F21D3-2779-4778-B516-0829D278248B}
	EndGlobalSection
EndGlobal
